// !$*UTF8*$!
{
	archiveVersion = 1;
	classes = {
	};
	objectVersion = 46;
	objects = {

/* Begin PBXBuildFile section */
		8124D52F1EDB3B5E00D91A77 /* PlaySoundsViewController.swift in Sources */ = {isa = PBXBuildFile; fileRef = 8124D52E1EDB3B5E00D91A77 /* PlaySoundsViewController.swift */; };
		8124D5311EDB62C100D91A77 /* PlaySoundsViewController-Audio.swift in Sources */ = {isa = PBXBuildFile; fileRef = 8124D5301EDB62C100D91A77 /* PlaySoundsViewController-Audio.swift */; };
		81CDF3BD1ECA135000CE85FC /* AppDelegate.swift in Sources */ = {isa = PBXBuildFile; fileRef = 81CDF3BC1ECA135000CE85FC /* AppDelegate.swift */; };
		81CDF3BF1ECA135000CE85FC /* RecordSoundsViewController.swift in Sources */ = {isa = PBXBuildFile; fileRef = 81CDF3BE1ECA135000CE85FC /* RecordSoundsViewController.swift */; };
		81CDF3C21ECA135000CE85FC /* Main.storyboard in Resources */ = {isa = PBXBuildFile; fileRef = 81CDF3C01ECA135000CE85FC /* Main.storyboard */; };
		81CDF3C41ECA135000CE85FC /* Assets.xcassets in Resources */ = {isa = PBXBuildFile; fileRef = 81CDF3C31ECA135000CE85FC /* Assets.xcassets */; };
		81CDF3C71ECA135000CE85FC /* LaunchScreen.storyboard in Resources */ = {isa = PBXBuildFile; fileRef = 81CDF3C51ECA135000CE85FC /* LaunchScreen.storyboard */; };
/* End PBXBuildFile section */

/* Begin PBXFileReference section */
		8124D52E1EDB3B5E00D91A77 /* PlaySoundsViewController.swift */ = {isa = PBXFileReference; fileEncoding = 4; lastKnownFileType = sourcecode.swift; path = PlaySoundsViewController.swift; sourceTree = "<group>"; };
		8124D5301EDB62C100D91A77 /* PlaySoundsViewController-Audio.swift */ = {isa = PBXFileReference; fileEncoding = 4; lastKnownFileType = sourcecode.swift; path = "PlaySoundsViewController-Audio.swift"; sourceTree = "<group>"; };
		81CDF3B91ECA135000CE85FC /* PitchPerfect.app */ = {isa = PBXFileReference; explicitFileType = wrapper.application; includeInIndex = 0; path = PitchPerfect.app; sourceTree = BUILT_PRODUCTS_DIR; };
		81CDF3BC1ECA135000CE85FC /* AppDelegate.swift */ = {isa = PBXFileReference; lastKnownFileType = sourcecode.swift; path = AppDelegate.swift; sourceTree = "<group>"; };
		81CDF3BE1ECA135000CE85FC /* RecordSoundsViewController.swift */ = {isa = PBXFileReference; lastKnownFileType = sourcecode.swift; path = RecordSoundsViewController.swift; sourceTree = "<group>"; };
		81CDF3C11ECA135000CE85FC /* Base */ = {isa = PBXFileReference; lastKnownFileType = file.storyboard; name = Base; path = Base.lproj/Main.storyboard; sourceTree = "<group>"; };
		81CDF3C31ECA135000CE85FC /* Assets.xcassets */ = {isa = PBXFileReference; lastKnownFileType = folder.assetcatalog; path = Assets.xcassets; sourceTree = "<group>"; };
		81CDF3C61ECA135000CE85FC /* Base */ = {isa = PBXFileReference; lastKnownFileType = file.storyboard; name = Base; path = Base.lproj/LaunchScreen.storyboard; sourceTree = "<group>"; };
		81CDF3C81ECA135000CE85FC /* Info.plist */ = {isa = PBXFileReference; lastKnownFileType = text.plist.xml; path = Info.plist; sourceTree = "<group>"; };
/* End PBXFileReference section */

/* Begin PBXFrameworksBuildPhase section */
		81CDF3B61ECA135000CE85FC /* Frameworks */ = {
			isa = PBXFrameworksBuildPhase;
			buildActionMask = 2147483647;
			files = (
			);
			runOnlyForDeploymentPostprocessing = 0;
		};
/* End PBXFrameworksBuildPhase section */

/* Begin PBXGroup section */
		81CDF3B01ECA135000CE85FC = {
			isa = PBXGroup;
			children = (
				81CDF3BB1ECA135000CE85FC /* PitchPerfect */,
				81CDF3BA1ECA135000CE85FC /* Products */,
			);
			sourceTree = "<group>";
		};
		81CDF3BA1ECA135000CE85FC /* Products */ = {
			isa = PBXGroup;
			children = (
				81CDF3B91ECA135000CE85FC /* PitchPerfect.app */,
			);
			name = Products;
			sourceTree = "<group>";
		};
		81CDF3BB1ECA135000CE85FC /* PitchPerfect */ = {
			isa = PBXGroup;
			children = (
				81CDF3BC1ECA135000CE85FC /* AppDelegate.swift */,
				81CDF3BE1ECA135000CE85FC /* RecordSoundsViewController.swift */,
				8124D52E1EDB3B5E00D91A77 /* PlaySoundsViewController.swift */,
				8124D5301EDB62C100D91A77 /* PlaySoundsViewController-Audio.swift */,
				81CDF3C01ECA135000CE85FC /* Main.storyboard */,
				81CDF3C31ECA135000CE85FC /* Assets.xcassets */,
				81CDF3C51ECA135000CE85FC /* LaunchScreen.storyboard */,
				81CDF3C81ECA135000CE85FC /* Info.plist */,
			);
			path = PitchPerfect;
			sourceTree = "<group>";
		};
/* End PBXGroup section */

/* Begin PBXNativeTarget section */
		81CDF3B81ECA135000CE85FC /* PitchPerfect */ = {
			isa = PBXNativeTarget;
			buildConfigurationList = 81CDF3CB1ECA135000CE85FC /* Build configuration list for PBXNativeTarget "PitchPerfect" */;
			buildPhases = (
				81CDF3B51ECA135000CE85FC /* Sources */,
				81CDF3B61ECA135000CE85FC /* Frameworks */,
				81CDF3B71ECA135000CE85FC /* Resources */,
			);
			buildRules = (
			);
			dependencies = (
			);
			name = PitchPerfect;
			productName = PitchPerfect;
			productReference = 81CDF3B91ECA135000CE85FC /* PitchPerfect.app */;
			productType = "com.apple.product-type.application";
		};
/* End PBXNativeTarget section */

/* Begin PBXProject section */
		81CDF3B11ECA135000CE85FC /* Project object */ = {
			isa = PBXProject;
			attributes = {
				LastSwiftUpdateCheck = 0830;
				LastUpgradeCheck = 0830;
				ORGANIZATIONNAME = "Jonathan Kaufman";
				TargetAttributes = {
					81CDF3B81ECA135000CE85FC = {
						CreatedOnToolsVersion = 8.3.2;
						DevelopmentTeam = 4B5G8PA32L;
						ProvisioningStyle = Automatic;
					};
				};
			};
			buildConfigurationList = 81CDF3B41ECA135000CE85FC /* Build configuration list for PBXProject "PitchPerfect" */;
			compatibilityVersion = "Xcode 3.2";
			developmentRegion = English;
			hasScannedForEncodings = 0;
			knownRegions = (
				en,
				Base,
			);
			mainGroup = 81CDF3B01ECA135000CE85FC;
			productRefGroup = 81CDF3BA1ECA135000CE85FC /* Products */;
			projectDirPath = "";
			projectRoot = "";
			targets = (
				81CDF3B81ECA135000CE85FC /* PitchPerfect */,
			);
		};
/* End PBXProject section */

/* Begin PBXResourcesBuildPhase section */
		81CDF3B71ECA135000CE85FC /* Resources */ = {
			isa = PBXResourcesBuildPhase;
			buildActionMask = 2147483647;
			files = (
				81CDF3C71ECA135000CE85FC /* LaunchScreen.storyboard in Resources */,
				81CDF3C41ECA135000CE85FC /* Assets.xcassets in Resources */,
				81CDF3C21ECA135000CE85FC /* Main.storyboard in Resources */,
			);
			runOnlyForDeploymentPostprocessing = 0;
		};
/* End PBXResourcesBuildPhase section */

/* Begin PBXSourcesBuildPhase section */
		81CDF3B51ECA135000CE85FC /* Sources */ = {
			isa = PBXSourcesBuildPhase;
			buildActionMask = 2147483647;
			files = (
				81CDF3BF1ECA135000CE85FC /* RecordSoundsViewController.swift in Sources */,
				8124D52F1EDB3B5E00D91A77 /* PlaySoundsViewController.swift in Sources */,
				81CDF3BD1ECA135000CE85FC /* AppDelegate.swift in Sources */,
				8124D5311EDB62C100D91A77 /* PlaySoundsViewController-Audio.swift in Sources */,
			);
			runOnlyForDeploymentPostprocessing = 0;
		};
/* End PBXSourcesBuildPhase section */

/* Begin PBXVariantGroup section */
		81CDF3C01ECA135000CE85FC /* Main.storyboard */ = {
			isa = PBXVariantGroup;
			children = (
				81CDF3C11ECA135000CE85FC /* Base */,
			);
			name = Main.storyboard;
			sourceTree = "<group>";
		};
		81CDF3C51ECA135000CE85FC /* LaunchScreen.storyboard */ = {
			isa = PBXVariantGroup;
			children = (
				81CDF3C61ECA135000CE85FC /* Base */,
			);
			name = LaunchScreen.storyboard;
			sourceTree = "<group>";
		};
/* End PBXVariantGroup section */

/* Begin XCBuildConfiguration section */
		81CDF3C91ECA135000CE85FC /* Debug */ = {
			isa = XCBuildConfiguration;
			buildSettings = {
				ALWAYS_SEARCH_USER_PATHS = NO;
				CLANG_ANALYZER_NONNULL = YES;
				CLANG_ANALYZER_NUMBER_OBJECT_CONVERSION = YES_AGGRESSIVE;
				CLANG_CXX_LANGUAGE_STANDARD = "gnu++0x";
				CLANG_CXX_LIBRARY = "libc++";
				CLANG_ENABLE_MODULES = YES;
				CLANG_ENABLE_OBJC_ARC = YES;
				CLANG_WARN_BOOL_CONVERSION = YES;
				CLANG_WARN_CONSTANT_CONVERSION = YES;
				CLANG_WARN_DIRECT_OBJC_ISA_USAGE = YES_ERROR;
				CLANG_WARN_DOCUMENTATION_COMMENTS = YES;
				CLANG_WARN_EMPTY_BODY = YES;
				CLANG_WARN_ENUM_CONVERSION = YES;
				CLANG_WARN_INFINITE_RECURSION = YES;
				CLANG_WARN_INT_CONVERSION = YES;
				CLANG_WARN_OBJC_ROOT_CLASS = YES_ERROR;
				CLANG_WARN_SUSPICIOUS_MOVE = YES;
				CLANG_WARN_UNREACHABLE_CODE = YES;
				CLANG_WARN__DUPLICATE_METHOD_MATCH = YES;
				"CODE_SIGN_IDENTITY[sdk=iphoneos*]" = "iPhone Developer";
				COPY_PHASE_STRIP = NO;
				DEBUG_ACTIVITY_MODE_JK = "";
				"DEBUG_ACTIVITY_MODE_JK[sdk=iphonesimulator*]" = disable;
				DEBUG_INFORMATION_FORMAT = dwarf;
				ENABLE_STRICT_OBJC_MSGSEND = YES;
				ENABLE_TESTABILITY = YES;
				GCC_C_LANGUAGE_STANDARD = gnu99;
				GCC_DYNAMIC_NO_PIC = NO;
				GCC_NO_COMMON_BLOCKS = YES;
				GCC_OPTIMIZATION_LEVEL = 0;
				GCC_PREPROCESSOR_DEFINITIONS = (
					"DEBUG=1",
					"$(inherited)",
				);
				GCC_WARN_64_TO_32_BIT_CONVERSION = YES;
				GCC_WARN_ABOUT_RETURN_TYPE = YES_ERROR;
				GCC_WARN_UNDECLARED_SELECTOR = YES;
				GCC_WARN_UNINITIALIZED_AUTOS = YES_AGGRESSIVE;
				GCC_WARN_UNUSED_FUNCTION = YES;
				GCC_WARN_UNUSED_VARIABLE = YES;
				IPHONEOS_DEPLOYMENT_TARGET = 10.3;
				MTL_ENABLE_DEBUG_INFO = YES;
				ONLY_ACTIVE_ARCH = YES;
				SDKROOT = iphoneos;
				SWIFT_ACTIVE_COMPILATION_CONDITIONS = DEBUG;
				SWIFT_OPTIMIZATION_LEVEL = "-Onone";
				TARGETED_DEVICE_FAMILY = "1,2";
			};
			name = Debug;
		};
		81CDF3CA1ECA135000CE85FC /* Release */ = {
			isa = XCBuildConfiguration;
			buildSettings = {
				ALWAYS_SEARCH_USER_PATHS = NO;
				CLANG_ANALYZER_NONNULL = YES;
				CLANG_ANALYZER_NUMBER_OBJECT_CONVERSION = YES_AGGRESSIVE;
				CLANG_CXX_LANGUAGE_STANDARD = "gnu++0x";
				CLANG_CXX_LIBRARY = "libc++";
				CLANG_ENABLE_MODULES = YES;
				CLANG_ENABLE_OBJC_ARC = YES;
				CLANG_WARN_BOOL_CONVERSION = YES;
				CLANG_WARN_CONSTANT_CONVERSION = YES;
				CLANG_WARN_DIRECT_OBJC_ISA_USAGE = YES_ERROR;
				CLANG_WARN_DOCUMENTATION_COMMENTS = YES;
				CLANG_WARN_EMPTY_BODY = YES;
				CLANG_WARN_ENUM_CONVERSION = YES;
				CLANG_WARN_INFINITE_RECURSION = YES;
				CLANG_WARN_INT_CONVERSION = YES;
				CLANG_WARN_OBJC_ROOT_CLASS = YES_ERROR;
				CLANG_WARN_SUSPICIOUS_MOVE = YES;
				CLANG_WARN_UNREACHABLE_CODE = YES;
				CLANG_WARN__DUPLICATE_METHOD_MATCH = YES;
				"CODE_SIGN_IDENTITY[sdk=iphoneos*]" = "iPhone Developer";
				COPY_PHASE_STRIP = NO;
				DEBUG_ACTIVITY_MODE_JK = "";
				DEBUG_INFORMATION_FORMAT = "dwarf-with-dsym";
				ENABLE_NS_ASSERTIONS = NO;
				ENABLE_STRICT_OBJC_MSGSEND = YES;
				GCC_C_LANGUAGE_STANDARD = gnu99;
				GCC_NO_COMMON_BLOCKS = YES;
				GCC_WARN_64_TO_32_BIT_CONVERSION = YES;
				GCC_WARN_ABOUT_RETURN_TYPE = YES_ERROR;
				GCC_WARN_UNDECLARED_SELECTOR = YES;
				GCC_WARN_UNINITIALIZED_AUTOS = YES_AGGRESSIVE;
				GCC_WARN_UNUSED_FUNCTION = YES;
				GCC_WARN_UNUSED_VARIABLE = YES;
				IPHONEOS_DEPLOYMENT_TARGET = 10.3;
				MTL_ENABLE_DEBUG_INFO = NO;
				SDKROOT = iphoneos;
				SWIFT_OPTIMIZATION_LEVEL = "-Owholemodule";
				TARGETED_DEVICE_FAMILY = "1,2";
				VALIDATE_PRODUCT = YES;
			};
			name = Release;
		};
		81CDF3CC1ECA135000CE85FC /* Debug */ = {
			isa = XCBuildConfiguration;
			buildSettings = {
				ASSETCATALOG_COMPILER_APPICON_NAME = AppIcon;
				DEVELOPMENT_TEAM = 4B5G8PA32L;
				INFOPLIST_FILE = PitchPerfect/Info.plist;
				LD_RUNPATH_SEARCH_PATHS = "$(inherited) @executable_path/Frameworks";
				PRODUCT_BUNDLE_IDENTIFIER = com.unbreakablelabs.PitchPerfect;
				PRODUCT_NAME = "$(TARGET_NAME)";
				SWIFT_VERSION = 3.0;
			};
			name = Debug;
		};
		81CDF3CD1ECA135000CE85FC /* Release */ = {
			isa = XCBuildConfiguration;
			buildSettings = {
				ASSETCATALOG_COMPILER_APPICON_NAME = AppIcon;
				DEVELOPMENT_TEAM = 4B5G8PA32L;
				INFOPLIST_FILE = PitchPerfect/Info.plist;
				LD_RUNPATH_SEARCH_PATHS = "$(inherited) @executable_path/Frameworks";
				PRODUCT_BUNDLE_IDENTIFIER = com.unbreakablelabs.PitchPerfect;
				PRODUCT_NAME = "$(TARGET_NAME)";
				SWIFT_VERSION = 3.0;
			};
			name = Release;
		};
/* End XCBuildConfiguration section */

/* Begin XCConfigurationList section */
		81CDF3B41ECA135000CE85FC /* Build configuration list for PBXProject "PitchPerfect" */ = {
			isa = XCConfigurationList;
			buildConfigurations = (
				81CDF3C91ECA135000CE85FC /* Debug */,
				81CDF3CA1ECA135000CE85FC /* Release */,
			);
			defaultConfigurationIsVisible = 0;
			defaultConfigurationName = Release;
		};
		81CDF3CB1ECA135000CE85FC /* Build configuration list for PBXNativeTarget "PitchPerfect" */ = {
			isa = XCConfigurationList;
			buildConfigurations = (
				81CDF3CC1ECA135000CE85FC /* Debug */,
				81CDF3CD1ECA135000CE85FC /* Release */,
			);
			defaultConfigurationIsVisible = 0;
			defaultConfigurationName = Release;
		};
/* End XCConfigurationList section */
	};
	rootObject = 81CDF3B11ECA135000CE85FC /* Project object */;
}
